
Microsoft Visual Studio Solution File, Format Version 12.00
# Visual Studio 14
VisualStudioVersion = 14.0.23107.0
MinimumVisualStudioVersion = 10.0.40219.1
Project("{8BC9CEB8-8B4A-11D0-8D11-00A0C91BC942}") = "FRUAExport", "FRUAExport_VS2008.vcxproj", "{F71E705E-13A8-4A0E-A844-3EB029659704}"
EndProject
Global
	GlobalSection(SolutionConfigurationPlatforms) = preSolution
		Debug|x86 = Debug|x86
		Release|x86 = Release|x86
	EndGlobalSection
	GlobalSection(ProjectConfigurationPlatforms) = postSolution
		{F71E705E-13A8-4A0E-A844-3EB029659704}.Debug|x86.ActiveCfg = Debug|Win32
		{F71E705E-13A8-4A0E-A844-3EB029659704}.Debug|x86.Build.0 = Debug|Win32
		{F71E705E-13A8-4A0E-A844-3EB029659704}.Release|x86.ActiveCfg = Release|Win32
		{F71E705E-13A8-4A0E-A844-3EB029659704}.Release|x86.Build.0 = Release|Win32
	EndGlobalSection
	GlobalSection(SolutionProperties) = preSolution
		HideSolutionNode = FALSE
	EndGlobalSection
EndGlobal
